// !$*UTF8*$!
{
	archiveVersion = 1;
	classes = {
	};
	objectVersion = 51;
	objects = {

/* Begin PBXBuildFile section */
		2BE07CAF69875B1C1D8AC4B9 /* Pods_500pxChallenge.framework in Frameworks */ = {isa = PBXBuildFile; fileRef = C8916759FE902BC67A41EDDA /* Pods_500pxChallenge.framework */; };
		55B8913F24C8DF9000F17CD2 /* UserView.swift in Sources */ = {isa = PBXBuildFile; fileRef = 55B8913E24C8DF9000F17CD2 /* UserView.swift */; };
		55F1000124C21B610008BE77 /* Preview Assets.xcassets in Resources */ = {isa = PBXBuildFile; fileRef = 55F1000024C21B610008BE77 /* Preview Assets.xcassets */; };
		55F1000C24C21B610008BE77 /* _00pxChallengeTests.swift in Sources */ = {isa = PBXBuildFile; fileRef = 55F1000B24C21B610008BE77 /* _00pxChallengeTests.swift */; };
		55F1001724C21B610008BE77 /* _00pxChallengeUITests.swift in Sources */ = {isa = PBXBuildFile; fileRef = 55F1001624C21B610008BE77 /* _00pxChallengeUITests.swift */; };
		55F1002524C21C070008BE77 /* Service.swift in Sources */ = {isa = PBXBuildFile; fileRef = 55F1002424C21C070008BE77 /* Service.swift */; };
		55F1002724C21C5F0008BE77 /* NetworkingConstants.swift in Sources */ = {isa = PBXBuildFile; fileRef = 55F1002624C21C5F0008BE77 /* NetworkingConstants.swift */; };
		55F1002924C66A120008BE77 /* Photos.swift in Sources */ = {isa = PBXBuildFile; fileRef = 55F1002824C66A120008BE77 /* Photos.swift */; };
		55F1002B24C671F50008BE77 /* String+Extensions.swift in Sources */ = {isa = PBXBuildFile; fileRef = 55F1002A24C671F50008BE77 /* String+Extensions.swift */; };
		55F1002D24C77F0C0008BE77 /* ImageLoader.swift in Sources */ = {isa = PBXBuildFile; fileRef = 55F1002C24C77F0C0008BE77 /* ImageLoader.swift */; };
		55F1002F24C77F2E0008BE77 /* AsyncImage.swift in Sources */ = {isa = PBXBuildFile; fileRef = 55F1002E24C77F2E0008BE77 /* AsyncImage.swift */; };
		55F1003324C783B50008BE77 /* SingleImageRow.swift in Sources */ = {isa = PBXBuildFile; fileRef = 55F1003224C783B50008BE77 /* SingleImageRow.swift */; };
		55F1003524C88CC70008BE77 /* PhotoDetailView.swift in Sources */ = {isa = PBXBuildFile; fileRef = 55F1003424C88CC70008BE77 /* PhotoDetailView.swift */; };
		55F1003724C8A6A10008BE77 /* HorizontalImageRow.swift in Sources */ = {isa = PBXBuildFile; fileRef = 55F1003624C8A6A10008BE77 /* HorizontalImageRow.swift */; };
		55F1003924C8C5C40008BE77 /* RandomAccessCollection+extension.swift in Sources */ = {isa = PBXBuildFile; fileRef = 55F1003824C8C5C40008BE77 /* RandomAccessCollection+extension.swift */; };
		55F1FFFA24C21B5F0008BE77 /* _00pxChallengeApp.swift in Sources */ = {isa = PBXBuildFile; fileRef = 55F1FFF924C21B5F0008BE77 /* _00pxChallengeApp.swift */; };
		55F1FFFC24C21B5F0008BE77 /* ContentView.swift in Sources */ = {isa = PBXBuildFile; fileRef = 55F1FFFB24C21B5F0008BE77 /* ContentView.swift */; };
		55F1FFFE24C21B610008BE77 /* Assets.xcassets in Resources */ = {isa = PBXBuildFile; fileRef = 55F1FFFD24C21B610008BE77 /* Assets.xcassets */; };
		80AAF0A16FBA43477E7165AC /* Pods_500pxChallenge_500pxChallengeUITests.framework in Frameworks */ = {isa = PBXBuildFile; fileRef = C48F57A867419590259AA3E2 /* Pods_500pxChallenge_500pxChallengeUITests.framework */; };
		9B4ED0E66765E49686A3127D /* Pods_500pxChallengeTests.framework in Frameworks */ = {isa = PBXBuildFile; fileRef = 599A2646122591178D623077 /* Pods_500pxChallengeTests.framework */; };
/* End PBXBuildFile section */

/* Begin PBXContainerItemProxy section */
		55F1000824C21B610008BE77 /* PBXContainerItemProxy */ = {
			isa = PBXContainerItemProxy;
			containerPortal = 55F1FFEE24C21B5F0008BE77 /* Project object */;
			proxyType = 1;
			remoteGlobalIDString = 55F1FFF524C21B5F0008BE77;
			remoteInfo = 500pxChallenge;
		};
		55F1001324C21B610008BE77 /* PBXContainerItemProxy */ = {
			isa = PBXContainerItemProxy;
			containerPortal = 55F1FFEE24C21B5F0008BE77 /* Project object */;
			proxyType = 1;
			remoteGlobalIDString = 55F1FFF524C21B5F0008BE77;
			remoteInfo = 500pxChallenge;
		};
/* End PBXContainerItemProxy section */

/* Begin PBXFileReference section */
		36570856C31434D5A4730901 /* Pods-500pxChallengeTests.release.xcconfig */ = {isa = PBXFileReference; includeInIndex = 1; lastKnownFileType = text.xcconfig; name = "Pods-500pxChallengeTests.release.xcconfig"; path = "Target Support Files/Pods-500pxChallengeTests/Pods-500pxChallengeTests.release.xcconfig"; sourceTree = "<group>"; };
		39AEB3FEF9FE9A84BD90305B /* Pods-500pxChallenge-500pxChallengeUITests.release.xcconfig */ = {isa = PBXFileReference; includeInIndex = 1; lastKnownFileType = text.xcconfig; name = "Pods-500pxChallenge-500pxChallengeUITests.release.xcconfig"; path = "Target Support Files/Pods-500pxChallenge-500pxChallengeUITests/Pods-500pxChallenge-500pxChallengeUITests.release.xcconfig"; sourceTree = "<group>"; };
		55B8913E24C8DF9000F17CD2 /* UserView.swift */ = {isa = PBXFileReference; lastKnownFileType = sourcecode.swift; path = UserView.swift; sourceTree = "<group>"; };
		55F1000024C21B610008BE77 /* Preview Assets.xcassets */ = {isa = PBXFileReference; lastKnownFileType = folder.assetcatalog; path = "Preview Assets.xcassets"; sourceTree = "<group>"; };
		55F1000224C21B610008BE77 /* Info.plist */ = {isa = PBXFileReference; lastKnownFileType = text.plist.xml; path = Info.plist; sourceTree = "<group>"; };
		55F1000724C21B610008BE77 /* 500pxChallengeTests.xctest */ = {isa = PBXFileReference; explicitFileType = wrapper.cfbundle; includeInIndex = 0; path = 500pxChallengeTests.xctest; sourceTree = BUILT_PRODUCTS_DIR; };
		55F1000B24C21B610008BE77 /* _00pxChallengeTests.swift */ = {isa = PBXFileReference; lastKnownFileType = sourcecode.swift; path = _00pxChallengeTests.swift; sourceTree = "<group>"; };
		55F1000D24C21B610008BE77 /* Info.plist */ = {isa = PBXFileReference; lastKnownFileType = text.plist.xml; path = Info.plist; sourceTree = "<group>"; };
		55F1001224C21B610008BE77 /* 500pxChallengeUITests.xctest */ = {isa = PBXFileReference; explicitFileType = wrapper.cfbundle; includeInIndex = 0; path = 500pxChallengeUITests.xctest; sourceTree = BUILT_PRODUCTS_DIR; };
		55F1001624C21B610008BE77 /* _00pxChallengeUITests.swift */ = {isa = PBXFileReference; lastKnownFileType = sourcecode.swift; path = _00pxChallengeUITests.swift; sourceTree = "<group>"; };
		55F1001824C21B610008BE77 /* Info.plist */ = {isa = PBXFileReference; lastKnownFileType = text.plist.xml; path = Info.plist; sourceTree = "<group>"; };
		55F1002424C21C070008BE77 /* Service.swift */ = {isa = PBXFileReference; lastKnownFileType = sourcecode.swift; path = Service.swift; sourceTree = "<group>"; };
		55F1002624C21C5F0008BE77 /* NetworkingConstants.swift */ = {isa = PBXFileReference; lastKnownFileType = sourcecode.swift; path = NetworkingConstants.swift; sourceTree = "<group>"; };
		55F1002824C66A120008BE77 /* Photos.swift */ = {isa = PBXFileReference; lastKnownFileType = sourcecode.swift; path = Photos.swift; sourceTree = "<group>"; };
		55F1002A24C671F50008BE77 /* String+Extensions.swift */ = {isa = PBXFileReference; lastKnownFileType = sourcecode.swift; path = "String+Extensions.swift"; sourceTree = "<group>"; };
		55F1002C24C77F0C0008BE77 /* ImageLoader.swift */ = {isa = PBXFileReference; fileEncoding = 4; lastKnownFileType = sourcecode.swift; path = ImageLoader.swift; sourceTree = "<group>"; };
		55F1002E24C77F2E0008BE77 /* AsyncImage.swift */ = {isa = PBXFileReference; fileEncoding = 4; lastKnownFileType = sourcecode.swift; path = AsyncImage.swift; sourceTree = "<group>"; };
		55F1003224C783B50008BE77 /* SingleImageRow.swift */ = {isa = PBXFileReference; lastKnownFileType = sourcecode.swift; path = SingleImageRow.swift; sourceTree = "<group>"; };
		55F1003424C88CC70008BE77 /* PhotoDetailView.swift */ = {isa = PBXFileReference; lastKnownFileType = sourcecode.swift; path = PhotoDetailView.swift; sourceTree = "<group>"; };
		55F1003624C8A6A10008BE77 /* HorizontalImageRow.swift */ = {isa = PBXFileReference; lastKnownFileType = sourcecode.swift; path = HorizontalImageRow.swift; sourceTree = "<group>"; };
		55F1003824C8C5C40008BE77 /* RandomAccessCollection+extension.swift */ = {isa = PBXFileReference; lastKnownFileType = sourcecode.swift; path = "RandomAccessCollection+extension.swift"; sourceTree = "<group>"; };
		55F1FFF624C21B5F0008BE77 /* 500pxChallenge.app */ = {isa = PBXFileReference; explicitFileType = wrapper.application; includeInIndex = 0; path = 500pxChallenge.app; sourceTree = BUILT_PRODUCTS_DIR; };
		55F1FFF924C21B5F0008BE77 /* _00pxChallengeApp.swift */ = {isa = PBXFileReference; lastKnownFileType = sourcecode.swift; path = _00pxChallengeApp.swift; sourceTree = "<group>"; };
		55F1FFFB24C21B5F0008BE77 /* ContentView.swift */ = {isa = PBXFileReference; lastKnownFileType = sourcecode.swift; path = ContentView.swift; sourceTree = "<group>"; };
		55F1FFFD24C21B610008BE77 /* Assets.xcassets */ = {isa = PBXFileReference; lastKnownFileType = folder.assetcatalog; path = Assets.xcassets; sourceTree = "<group>"; };
		599A2646122591178D623077 /* Pods_500pxChallengeTests.framework */ = {isa = PBXFileReference; explicitFileType = wrapper.framework; includeInIndex = 0; path = Pods_500pxChallengeTests.framework; sourceTree = BUILT_PRODUCTS_DIR; };
		59FB74EFDE65067D04BE085A /* Pods-500pxChallenge-500pxChallengeUITests.debug.xcconfig */ = {isa = PBXFileReference; includeInIndex = 1; lastKnownFileType = text.xcconfig; name = "Pods-500pxChallenge-500pxChallengeUITests.debug.xcconfig"; path = "Target Support Files/Pods-500pxChallenge-500pxChallengeUITests/Pods-500pxChallenge-500pxChallengeUITests.debug.xcconfig"; sourceTree = "<group>"; };
		85A62132F39254EA3B2EA5D6 /* Pods-500pxChallenge.debug.xcconfig */ = {isa = PBXFileReference; includeInIndex = 1; lastKnownFileType = text.xcconfig; name = "Pods-500pxChallenge.debug.xcconfig"; path = "Target Support Files/Pods-500pxChallenge/Pods-500pxChallenge.debug.xcconfig"; sourceTree = "<group>"; };
		A504B5A2E73746C5EF389541 /* Pods-500pxChallenge.release.xcconfig */ = {isa = PBXFileReference; includeInIndex = 1; lastKnownFileType = text.xcconfig; name = "Pods-500pxChallenge.release.xcconfig"; path = "Target Support Files/Pods-500pxChallenge/Pods-500pxChallenge.release.xcconfig"; sourceTree = "<group>"; };
		C48F57A867419590259AA3E2 /* Pods_500pxChallenge_500pxChallengeUITests.framework */ = {isa = PBXFileReference; explicitFileType = wrapper.framework; includeInIndex = 0; path = Pods_500pxChallenge_500pxChallengeUITests.framework; sourceTree = BUILT_PRODUCTS_DIR; };
		C8916759FE902BC67A41EDDA /* Pods_500pxChallenge.framework */ = {isa = PBXFileReference; explicitFileType = wrapper.framework; includeInIndex = 0; path = Pods_500pxChallenge.framework; sourceTree = BUILT_PRODUCTS_DIR; };
		EE06C2A3E9EB0F574BE6B35C /* Pods-500pxChallengeTests.debug.xcconfig */ = {isa = PBXFileReference; includeInIndex = 1; lastKnownFileType = text.xcconfig; name = "Pods-500pxChallengeTests.debug.xcconfig"; path = "Target Support Files/Pods-500pxChallengeTests/Pods-500pxChallengeTests.debug.xcconfig"; sourceTree = "<group>"; };
/* End PBXFileReference section */

/* Begin PBXFrameworksBuildPhase section */
		55F1000424C21B610008BE77 /* Frameworks */ = {
			isa = PBXFrameworksBuildPhase;
			buildActionMask = 2147483647;
			files = (
				9B4ED0E66765E49686A3127D /* Pods_500pxChallengeTests.framework in Frameworks */,
			);
			runOnlyForDeploymentPostprocessing = 0;
		};
		55F1000F24C21B610008BE77 /* Frameworks */ = {
			isa = PBXFrameworksBuildPhase;
			buildActionMask = 2147483647;
			files = (
				80AAF0A16FBA43477E7165AC /* Pods_500pxChallenge_500pxChallengeUITests.framework in Frameworks */,
			);
			runOnlyForDeploymentPostprocessing = 0;
		};
		55F1FFF324C21B5F0008BE77 /* Frameworks */ = {
			isa = PBXFrameworksBuildPhase;
			buildActionMask = 2147483647;
			files = (
				2BE07CAF69875B1C1D8AC4B9 /* Pods_500pxChallenge.framework in Frameworks */,
			);
			runOnlyForDeploymentPostprocessing = 0;
		};
/* End PBXFrameworksBuildPhase section */

/* Begin PBXGroup section */
		55F1000A24C21B610008BE77 /* 500pxChallengeTests */ = {
			isa = PBXGroup;
			children = (
				55F1000B24C21B610008BE77 /* _00pxChallengeTests.swift */,
				55F1000D24C21B610008BE77 /* Info.plist */,
			);
			path = 500pxChallengeTests;
			sourceTree = "<group>";
		};
		55F1001524C21B610008BE77 /* 500pxChallengeUITests */ = {
			isa = PBXGroup;
			children = (
				55F1001624C21B610008BE77 /* _00pxChallengeUITests.swift */,
				55F1001824C21B610008BE77 /* Info.plist */,
			);
			path = 500pxChallengeUITests;
			sourceTree = "<group>";
		};
		55F1003A24C8D3380008BE77 /* View */ = {
			isa = PBXGroup;
			children = (
				55F1FFF924C21B5F0008BE77 /* _00pxChallengeApp.swift */,
				55F1FFFB24C21B5F0008BE77 /* ContentView.swift */,
				55F1003224C783B50008BE77 /* SingleImageRow.swift */,
				55F1003624C8A6A10008BE77 /* HorizontalImageRow.swift */,
				55F1003424C88CC70008BE77 /* PhotoDetailView.swift */,
				55B8913E24C8DF9000F17CD2 /* UserView.swift */,
				55F1002E24C77F2E0008BE77 /* AsyncImage.swift */,
			);
			path = View;
			sourceTree = "<group>";
		};
		55F1FFED24C21B5F0008BE77 = {
			isa = PBXGroup;
			children = (
				55F1FFF824C21B5F0008BE77 /* 500pxChallenge */,
				55F1000A24C21B610008BE77 /* 500pxChallengeTests */,
				55F1001524C21B610008BE77 /* 500pxChallengeUITests */,
				55F1FFF724C21B5F0008BE77 /* Products */,
				C146EE6DF01CA35F9E876FD6 /* Pods */,
				A604269CBAEC28873D246D55 /* Frameworks */,
			);
			sourceTree = "<group>";
		};
		55F1FFF724C21B5F0008BE77 /* Products */ = {
			isa = PBXGroup;
			children = (
				55F1FFF624C21B5F0008BE77 /* 500pxChallenge.app */,
				55F1000724C21B610008BE77 /* 500pxChallengeTests.xctest */,
				55F1001224C21B610008BE77 /* 500pxChallengeUITests.xctest */,
			);
			name = Products;
			sourceTree = "<group>";
		};
		55F1FFF824C21B5F0008BE77 /* 500pxChallenge */ = {
			isa = PBXGroup;
			children = (
				55F1003A24C8D3380008BE77 /* View */,
				55F1002624C21C5F0008BE77 /* NetworkingConstants.swift */,
				55F1002424C21C070008BE77 /* Service.swift */,
				55F1002824C66A120008BE77 /* Photos.swift */,
				55F1002A24C671F50008BE77 /* String+Extensions.swift */,
				55F1003824C8C5C40008BE77 /* RandomAccessCollection+extension.swift */,
				55F1002C24C77F0C0008BE77 /* ImageLoader.swift */,
				55F1FFFD24C21B610008BE77 /* Assets.xcassets */,
				55F1000224C21B610008BE77 /* Info.plist */,
				55F1FFFF24C21B610008BE77 /* Preview Content */,
			);
			path = 500pxChallenge;
			sourceTree = "<group>";
		};
		55F1FFFF24C21B610008BE77 /* Preview Content */ = {
			isa = PBXGroup;
			children = (
				55F1000024C21B610008BE77 /* Preview Assets.xcassets */,
			);
			path = "Preview Content";
			sourceTree = "<group>";
		};
		A604269CBAEC28873D246D55 /* Frameworks */ = {
			isa = PBXGroup;
			children = (
				C8916759FE902BC67A41EDDA /* Pods_500pxChallenge.framework */,
				C48F57A867419590259AA3E2 /* Pods_500pxChallenge_500pxChallengeUITests.framework */,
				599A2646122591178D623077 /* Pods_500pxChallengeTests.framework */,
			);
			name = Frameworks;
			sourceTree = "<group>";
		};
		C146EE6DF01CA35F9E876FD6 /* Pods */ = {
			isa = PBXGroup;
			children = (
				85A62132F39254EA3B2EA5D6 /* Pods-500pxChallenge.debug.xcconfig */,
				A504B5A2E73746C5EF389541 /* Pods-500pxChallenge.release.xcconfig */,
				59FB74EFDE65067D04BE085A /* Pods-500pxChallenge-500pxChallengeUITests.debug.xcconfig */,
				39AEB3FEF9FE9A84BD90305B /* Pods-500pxChallenge-500pxChallengeUITests.release.xcconfig */,
				EE06C2A3E9EB0F574BE6B35C /* Pods-500pxChallengeTests.debug.xcconfig */,
				36570856C31434D5A4730901 /* Pods-500pxChallengeTests.release.xcconfig */,
			);
			path = Pods;
			sourceTree = "<group>";
		};
/* End PBXGroup section */

/* Begin PBXNativeTarget section */
		55F1000624C21B610008BE77 /* 500pxChallengeTests */ = {
			isa = PBXNativeTarget;
			buildConfigurationList = 55F1001E24C21B610008BE77 /* Build configuration list for PBXNativeTarget "500pxChallengeTests" */;
			buildPhases = (
				F9044FAF7D4CA0FDB722A996 /* [CP] Check Pods Manifest.lock */,
				55F1000324C21B610008BE77 /* Sources */,
				55F1000424C21B610008BE77 /* Frameworks */,
				55F1000524C21B610008BE77 /* Resources */,
			);
			buildRules = (
			);
			dependencies = (
				55F1000924C21B610008BE77 /* PBXTargetDependency */,
			);
			name = 500pxChallengeTests;
			productName = 500pxChallengeTests;
			productReference = 55F1000724C21B610008BE77 /* 500pxChallengeTests.xctest */;
			productType = "com.apple.product-type.bundle.unit-test";
		};
		55F1001124C21B610008BE77 /* 500pxChallengeUITests */ = {
			isa = PBXNativeTarget;
			buildConfigurationList = 55F1002124C21B610008BE77 /* Build configuration list for PBXNativeTarget "500pxChallengeUITests" */;
			buildPhases = (
				E6A0E6DFC1BCFCB419386A1F /* [CP] Check Pods Manifest.lock */,
				55F1000E24C21B610008BE77 /* Sources */,
				55F1000F24C21B610008BE77 /* Frameworks */,
				55F1001024C21B610008BE77 /* Resources */,
				6D3A10874A4D837DBB523832 /* [CP] Embed Pods Frameworks */,
			);
			buildRules = (
			);
			dependencies = (
				55F1001424C21B610008BE77 /* PBXTargetDependency */,
			);
			name = 500pxChallengeUITests;
			productName = 500pxChallengeUITests;
			productReference = 55F1001224C21B610008BE77 /* 500pxChallengeUITests.xctest */;
			productType = "com.apple.product-type.bundle.ui-testing";
		};
		55F1FFF524C21B5F0008BE77 /* 500pxChallenge */ = {
			isa = PBXNativeTarget;
			buildConfigurationList = 55F1001B24C21B610008BE77 /* Build configuration list for PBXNativeTarget "500pxChallenge" */;
			buildPhases = (
				E1487E3BF95AE89BACA310C8 /* [CP] Check Pods Manifest.lock */,
				55F1FFF224C21B5F0008BE77 /* Sources */,
				55F1FFF324C21B5F0008BE77 /* Frameworks */,
				55F1FFF424C21B5F0008BE77 /* Resources */,
				A90C5C1155FF14B85A253A30 /* [CP] Embed Pods Frameworks */,
			);
			buildRules = (
			);
			dependencies = (
			);
			name = 500pxChallenge;
			productName = 500pxChallenge;
			productReference = 55F1FFF624C21B5F0008BE77 /* 500pxChallenge.app */;
			productType = "com.apple.product-type.application";
		};
/* End PBXNativeTarget section */

/* Begin PBXProject section */
		55F1FFEE24C21B5F0008BE77 /* Project object */ = {
			isa = PBXProject;
			attributes = {
				LastSwiftUpdateCheck = 1200;
				LastUpgradeCheck = 1200;
				TargetAttributes = {
					55F1000624C21B610008BE77 = {
						CreatedOnToolsVersion = 12.0;
						TestTargetID = 55F1FFF524C21B5F0008BE77;
					};
					55F1001124C21B610008BE77 = {
						CreatedOnToolsVersion = 12.0;
						TestTargetID = 55F1FFF524C21B5F0008BE77;
					};
					55F1FFF524C21B5F0008BE77 = {
						CreatedOnToolsVersion = 12.0;
					};
				};
			};
			buildConfigurationList = 55F1FFF124C21B5F0008BE77 /* Build configuration list for PBXProject "500pxChallenge" */;
			compatibilityVersion = "Xcode 9.3";
			developmentRegion = en;
			hasScannedForEncodings = 0;
			knownRegions = (
				en,
				Base,
			);
			mainGroup = 55F1FFED24C21B5F0008BE77;
			productRefGroup = 55F1FFF724C21B5F0008BE77 /* Products */;
			projectDirPath = "";
			projectRoot = "";
			targets = (
				55F1FFF524C21B5F0008BE77 /* 500pxChallenge */,
				55F1000624C21B610008BE77 /* 500pxChallengeTests */,
				55F1001124C21B610008BE77 /* 500pxChallengeUITests */,
			);
		};
/* End PBXProject section */

/* Begin PBXResourcesBuildPhase section */
		55F1000524C21B610008BE77 /* Resources */ = {
			isa = PBXResourcesBuildPhase;
			buildActionMask = 2147483647;
			files = (
			);
			runOnlyForDeploymentPostprocessing = 0;
		};
		55F1001024C21B610008BE77 /* Resources */ = {
			isa = PBXResourcesBuildPhase;
			buildActionMask = 2147483647;
			files = (
			);
			runOnlyForDeploymentPostprocessing = 0;
		};
		55F1FFF424C21B5F0008BE77 /* Resources */ = {
			isa = PBXResourcesBuildPhase;
			buildActionMask = 2147483647;
			files = (
				55F1000124C21B610008BE77 /* Preview Assets.xcassets in Resources */,
				55F1FFFE24C21B610008BE77 /* Assets.xcassets in Resources */,
			);
			runOnlyForDeploymentPostprocessing = 0;
		};
/* End PBXResourcesBuildPhase section */

/* Begin PBXShellScriptBuildPhase section */
		6D3A10874A4D837DBB523832 /* [CP] Embed Pods Frameworks */ = {
			isa = PBXShellScriptBuildPhase;
			buildActionMask = 2147483647;
			files = (
			);
			inputFileListPaths = (
				"${PODS_ROOT}/Target Support Files/Pods-500pxChallenge-500pxChallengeUITests/Pods-500pxChallenge-500pxChallengeUITests-frameworks-${CONFIGURATION}-input-files.xcfilelist",
			);
			name = "[CP] Embed Pods Frameworks";
			outputFileListPaths = (
				"${PODS_ROOT}/Target Support Files/Pods-500pxChallenge-500pxChallengeUITests/Pods-500pxChallenge-500pxChallengeUITests-frameworks-${CONFIGURATION}-output-files.xcfilelist",
			);
			runOnlyForDeploymentPostprocessing = 0;
			shellPath = /bin/sh;
			shellScript = "\"${PODS_ROOT}/Target Support Files/Pods-500pxChallenge-500pxChallengeUITests/Pods-500pxChallenge-500pxChallengeUITests-frameworks.sh\"\n";
			showEnvVarsInLog = 0;
		};
		A90C5C1155FF14B85A253A30 /* [CP] Embed Pods Frameworks */ = {
			isa = PBXShellScriptBuildPhase;
			buildActionMask = 2147483647;
			files = (
			);
			inputFileListPaths = (
				"${PODS_ROOT}/Target Support Files/Pods-500pxChallenge/Pods-500pxChallenge-frameworks-${CONFIGURATION}-input-files.xcfilelist",
			);
			name = "[CP] Embed Pods Frameworks";
			outputFileListPaths = (
				"${PODS_ROOT}/Target Support Files/Pods-500pxChallenge/Pods-500pxChallenge-frameworks-${CONFIGURATION}-output-files.xcfilelist",
			);
			runOnlyForDeploymentPostprocessing = 0;
			shellPath = /bin/sh;
			shellScript = "\"${PODS_ROOT}/Target Support Files/Pods-500pxChallenge/Pods-500pxChallenge-frameworks.sh\"\n";
			showEnvVarsInLog = 0;
		};
		E1487E3BF95AE89BACA310C8 /* [CP] Check Pods Manifest.lock */ = {
			isa = PBXShellScriptBuildPhase;
			buildActionMask = 2147483647;
			files = (
			);
			inputFileListPaths = (
			);
			inputPaths = (
				"${PODS_PODFILE_DIR_PATH}/Podfile.lock",
				"${PODS_ROOT}/Manifest.lock",
			);
			name = "[CP] Check Pods Manifest.lock";
			outputFileListPaths = (
			);
			outputPaths = (
				"$(DERIVED_FILE_DIR)/Pods-500pxChallenge-checkManifestLockResult.txt",
			);
			runOnlyForDeploymentPostprocessing = 0;
			shellPath = /bin/sh;
			shellScript = "diff \"${PODS_PODFILE_DIR_PATH}/Podfile.lock\" \"${PODS_ROOT}/Manifest.lock\" > /dev/null\nif [ $? != 0 ] ; then\n    # print error to STDERR\n    echo \"error: The sandbox is not in sync with the Podfile.lock. Run 'pod install' or update your CocoaPods installation.\" >&2\n    exit 1\nfi\n# This output is used by Xcode 'outputs' to avoid re-running this script phase.\necho \"SUCCESS\" > \"${SCRIPT_OUTPUT_FILE_0}\"\n";
			showEnvVarsInLog = 0;
		};
		E6A0E6DFC1BCFCB419386A1F /* [CP] Check Pods Manifest.lock */ = {
			isa = PBXShellScriptBuildPhase;
			buildActionMask = 2147483647;
			files = (
			);
			inputFileListPaths = (
			);
			inputPaths = (
				"${PODS_PODFILE_DIR_PATH}/Podfile.lock",
				"${PODS_ROOT}/Manifest.lock",
			);
			name = "[CP] Check Pods Manifest.lock";
			outputFileListPaths = (
			);
			outputPaths = (
				"$(DERIVED_FILE_DIR)/Pods-500pxChallenge-500pxChallengeUITests-checkManifestLockResult.txt",
			);
			runOnlyForDeploymentPostprocessing = 0;
			shellPath = /bin/sh;
			shellScript = "diff \"${PODS_PODFILE_DIR_PATH}/Podfile.lock\" \"${PODS_ROOT}/Manifest.lock\" > /dev/null\nif [ $? != 0 ] ; then\n    # print error to STDERR\n    echo \"error: The sandbox is not in sync with the Podfile.lock. Run 'pod install' or update your CocoaPods installation.\" >&2\n    exit 1\nfi\n# This output is used by Xcode 'outputs' to avoid re-running this script phase.\necho \"SUCCESS\" > \"${SCRIPT_OUTPUT_FILE_0}\"\n";
			showEnvVarsInLog = 0;
		};
		F9044FAF7D4CA0FDB722A996 /* [CP] Check Pods Manifest.lock */ = {
			isa = PBXShellScriptBuildPhase;
			buildActionMask = 2147483647;
			files = (
			);
			inputFileListPaths = (
			);
			inputPaths = (
				"${PODS_PODFILE_DIR_PATH}/Podfile.lock",
				"${PODS_ROOT}/Manifest.lock",
			);
			name = "[CP] Check Pods Manifest.lock";
			outputFileListPaths = (
			);
			outputPaths = (
				"$(DERIVED_FILE_DIR)/Pods-500pxChallengeTests-checkManifestLockResult.txt",
			);
			runOnlyForDeploymentPostprocessing = 0;
			shellPath = /bin/sh;
			shellScript = "diff \"${PODS_PODFILE_DIR_PATH}/Podfile.lock\" \"${PODS_ROOT}/Manifest.lock\" > /dev/null\nif [ $? != 0 ] ; then\n    # print error to STDERR\n    echo \"error: The sandbox is not in sync with the Podfile.lock. Run 'pod install' or update your CocoaPods installation.\" >&2\n    exit 1\nfi\n# This output is used by Xcode 'outputs' to avoid re-running this script phase.\necho \"SUCCESS\" > \"${SCRIPT_OUTPUT_FILE_0}\"\n";
			showEnvVarsInLog = 0;
		};
/* End PBXShellScriptBuildPhase section */

/* Begin PBXSourcesBuildPhase section */
		55F1000324C21B610008BE77 /* Sources */ = {
			isa = PBXSourcesBuildPhase;
			buildActionMask = 2147483647;
			files = (
				55F1000C24C21B610008BE77 /* _00pxChallengeTests.swift in Sources */,
			);
			runOnlyForDeploymentPostprocessing = 0;
		};
		55F1000E24C21B610008BE77 /* Sources */ = {
			isa = PBXSourcesBuildPhase;
			buildActionMask = 2147483647;
			files = (
				55F1001724C21B610008BE77 /* _00pxChallengeUITests.swift in Sources */,
			);
			runOnlyForDeploymentPostprocessing = 0;
		};
		55F1FFF224C21B5F0008BE77 /* Sources */ = {
			isa = PBXSourcesBuildPhase;
			buildActionMask = 2147483647;
			files = (
				55F1002D24C77F0C0008BE77 /* ImageLoader.swift in Sources */,
				55F1003324C783B50008BE77 /* SingleImageRow.swift in Sources */,
				55F1FFFC24C21B5F0008BE77 /* ContentView.swift in Sources */,
				55F1003724C8A6A10008BE77 /* HorizontalImageRow.swift in Sources */,
				55F1002724C21C5F0008BE77 /* NetworkingConstants.swift in Sources */,
				55F1FFFA24C21B5F0008BE77 /* _00pxChallengeApp.swift in Sources */,
				55F1002F24C77F2E0008BE77 /* AsyncImage.swift in Sources */,
				55F1002924C66A120008BE77 /* Photos.swift in Sources */,
				55F1003924C8C5C40008BE77 /* RandomAccessCollection+extension.swift in Sources */,
				55F1002B24C671F50008BE77 /* String+Extensions.swift in Sources */,
				55B8913F24C8DF9000F17CD2 /* UserView.swift in Sources */,
				55F1003524C88CC70008BE77 /* PhotoDetailView.swift in Sources */,
				55F1002524C21C070008BE77 /* Service.swift in Sources */,
			);
			runOnlyForDeploymentPostprocessing = 0;
		};
/* End PBXSourcesBuildPhase section */

/* Begin PBXTargetDependency section */
		55F1000924C21B610008BE77 /* PBXTargetDependency */ = {
			isa = PBXTargetDependency;
			target = 55F1FFF524C21B5F0008BE77 /* 500pxChallenge */;
			targetProxy = 55F1000824C21B610008BE77 /* PBXContainerItemProxy */;
		};
		55F1001424C21B610008BE77 /* PBXTargetDependency */ = {
			isa = PBXTargetDependency;
			target = 55F1FFF524C21B5F0008BE77 /* 500pxChallenge */;
			targetProxy = 55F1001324C21B610008BE77 /* PBXContainerItemProxy */;
		};
/* End PBXTargetDependency section */

/* Begin XCBuildConfiguration section */
		55F1001924C21B610008BE77 /* Debug */ = {
			isa = XCBuildConfiguration;
			buildSettings = {
				ALWAYS_SEARCH_USER_PATHS = NO;
				CLANG_ANALYZER_NONNULL = YES;
				CLANG_ANALYZER_NUMBER_OBJECT_CONVERSION = YES_AGGRESSIVE;
				CLANG_CXX_LANGUAGE_STANDARD = "gnu++14";
				CLANG_CXX_LIBRARY = "libc++";
				CLANG_ENABLE_MODULES = YES;
				CLANG_ENABLE_OBJC_ARC = YES;
				CLANG_ENABLE_OBJC_WEAK = YES;
				CLANG_WARN_BLOCK_CAPTURE_AUTORELEASING = YES;
				CLANG_WARN_BOOL_CONVERSION = YES;
				CLANG_WARN_COMMA = YES;
				CLANG_WARN_CONSTANT_CONVERSION = YES;
				CLANG_WARN_DEPRECATED_OBJC_IMPLEMENTATIONS = YES;
				CLANG_WARN_DIRECT_OBJC_ISA_USAGE = YES_ERROR;
				CLANG_WARN_DOCUMENTATION_COMMENTS = YES;
				CLANG_WARN_EMPTY_BODY = YES;
				CLANG_WARN_ENUM_CONVERSION = YES;
				CLANG_WARN_INFINITE_RECURSION = YES;
				CLANG_WARN_INT_CONVERSION = YES;
				CLANG_WARN_NON_LITERAL_NULL_CONVERSION = YES;
				CLANG_WARN_OBJC_IMPLICIT_RETAIN_SELF = YES;
				CLANG_WARN_OBJC_LITERAL_CONVERSION = YES;
				CLANG_WARN_OBJC_ROOT_CLASS = YES_ERROR;
				CLANG_WARN_QUOTED_INCLUDE_IN_FRAMEWORK_HEADER = YES;
				CLANG_WARN_RANGE_LOOP_ANALYSIS = YES;
				CLANG_WARN_STRICT_PROTOTYPES = YES;
				CLANG_WARN_SUSPICIOUS_MOVE = YES;
				CLANG_WARN_UNGUARDED_AVAILABILITY = YES_AGGRESSIVE;
				CLANG_WARN_UNREACHABLE_CODE = YES;
				CLANG_WARN__DUPLICATE_METHOD_MATCH = YES;
				COPY_PHASE_STRIP = NO;
				DEBUG_INFORMATION_FORMAT = dwarf;
				ENABLE_STRICT_OBJC_MSGSEND = YES;
				ENABLE_TESTABILITY = YES;
				GCC_C_LANGUAGE_STANDARD = gnu11;
				GCC_DYNAMIC_NO_PIC = NO;
				GCC_NO_COMMON_BLOCKS = YES;
				GCC_OPTIMIZATION_LEVEL = 0;
				GCC_PREPROCESSOR_DEFINITIONS = (
					"DEBUG=1",
					"$(inherited)",
				);
				GCC_WARN_64_TO_32_BIT_CONVERSION = YES;
				GCC_WARN_ABOUT_RETURN_TYPE = YES_ERROR;
				GCC_WARN_UNDECLARED_SELECTOR = YES;
				GCC_WARN_UNINITIALIZED_AUTOS = YES_AGGRESSIVE;
				GCC_WARN_UNUSED_FUNCTION = YES;
				GCC_WARN_UNUSED_VARIABLE = YES;
				IPHONEOS_DEPLOYMENT_TARGET = 14.0;
				MTL_ENABLE_DEBUG_INFO = INCLUDE_SOURCE;
				MTL_FAST_MATH = YES;
				ONLY_ACTIVE_ARCH = YES;
				SDKROOT = iphoneos;
				SWIFT_ACTIVE_COMPILATION_CONDITIONS = DEBUG;
				SWIFT_OPTIMIZATION_LEVEL = "-Onone";
			};
			name = Debug;
		};
		55F1001A24C21B610008BE77 /* Release */ = {
			isa = XCBuildConfiguration;
			buildSettings = {
				ALWAYS_SEARCH_USER_PATHS = NO;
				CLANG_ANALYZER_NONNULL = YES;
				CLANG_ANALYZER_NUMBER_OBJECT_CONVERSION = YES_AGGRESSIVE;
				CLANG_CXX_LANGUAGE_STANDARD = "gnu++14";
				CLANG_CXX_LIBRARY = "libc++";
				CLANG_ENABLE_MODULES = YES;
				CLANG_ENABLE_OBJC_ARC = YES;
				CLANG_ENABLE_OBJC_WEAK = YES;
				CLANG_WARN_BLOCK_CAPTURE_AUTORELEASING = YES;
				CLANG_WARN_BOOL_CONVERSION = YES;
				CLANG_WARN_COMMA = YES;
				CLANG_WARN_CONSTANT_CONVERSION = YES;
				CLANG_WARN_DEPRECATED_OBJC_IMPLEMENTATIONS = YES;
				CLANG_WARN_DIRECT_OBJC_ISA_USAGE = YES_ERROR;
				CLANG_WARN_DOCUMENTATION_COMMENTS = YES;
				CLANG_WARN_EMPTY_BODY = YES;
				CLANG_WARN_ENUM_CONVERSION = YES;
				CLANG_WARN_INFINITE_RECURSION = YES;
				CLANG_WARN_INT_CONVERSION = YES;
				CLANG_WARN_NON_LITERAL_NULL_CONVERSION = YES;
				CLANG_WARN_OBJC_IMPLICIT_RETAIN_SELF = YES;
				CLANG_WARN_OBJC_LITERAL_CONVERSION = YES;
				CLANG_WARN_OBJC_ROOT_CLASS = YES_ERROR;
				CLANG_WARN_QUOTED_INCLUDE_IN_FRAMEWORK_HEADER = YES;
				CLANG_WARN_RANGE_LOOP_ANALYSIS = YES;
				CLANG_WARN_STRICT_PROTOTYPES = YES;
				CLANG_WARN_SUSPICIOUS_MOVE = YES;
				CLANG_WARN_UNGUARDED_AVAILABILITY = YES_AGGRESSIVE;
				CLANG_WARN_UNREACHABLE_CODE = YES;
				CLANG_WARN__DUPLICATE_METHOD_MATCH = YES;
				COPY_PHASE_STRIP = NO;
				DEBUG_INFORMATION_FORMAT = "dwarf-with-dsym";
				ENABLE_NS_ASSERTIONS = NO;
				ENABLE_STRICT_OBJC_MSGSEND = YES;
				GCC_C_LANGUAGE_STANDARD = gnu11;
				GCC_NO_COMMON_BLOCKS = YES;
				GCC_WARN_64_TO_32_BIT_CONVERSION = YES;
				GCC_WARN_ABOUT_RETURN_TYPE = YES_ERROR;
				GCC_WARN_UNDECLARED_SELECTOR = YES;
				GCC_WARN_UNINITIALIZED_AUTOS = YES_AGGRESSIVE;
				GCC_WARN_UNUSED_FUNCTION = YES;
				GCC_WARN_UNUSED_VARIABLE = YES;
				IPHONEOS_DEPLOYMENT_TARGET = 14.0;
				MTL_ENABLE_DEBUG_INFO = NO;
				MTL_FAST_MATH = YES;
				SDKROOT = iphoneos;
				SWIFT_COMPILATION_MODE = wholemodule;
				SWIFT_OPTIMIZATION_LEVEL = "-O";
				VALIDATE_PRODUCT = YES;
			};
			name = Release;
		};
		55F1001C24C21B610008BE77 /* Debug */ = {
			isa = XCBuildConfiguration;
			baseConfigurationReference = 85A62132F39254EA3B2EA5D6 /* Pods-500pxChallenge.debug.xcconfig */;
			buildSettings = {
				ASSETCATALOG_COMPILER_APPICON_NAME = AppIcon;
				ASSETCATALOG_COMPILER_GLOBAL_ACCENT_COLOR_NAME = AccentColor;
				CODE_SIGN_STYLE = Automatic;
				DEVELOPMENT_ASSET_PATHS = "\"500pxChallenge/Preview Content\"";
				ENABLE_PREVIEWS = YES;
				INFOPLIST_FILE = 500pxChallenge/Info.plist;
				IPHONEOS_DEPLOYMENT_TARGET = 14.0;
				LD_RUNPATH_SEARCH_PATHS = (
					"$(inherited)",
					"@executable_path/Frameworks",
				);
				PRODUCT_BUNDLE_IDENTIFIER = "kazoku.-00pxChallenge";
				PRODUCT_NAME = "$(TARGET_NAME)";
				SWIFT_VERSION = 5.0;
				TARGETED_DEVICE_FAMILY = "1,2";
			};
			name = Debug;
		};
		55F1001D24C21B610008BE77 /* Release */ = {
			isa = XCBuildConfiguration;
			baseConfigurationReference = A504B5A2E73746C5EF389541 /* Pods-500pxChallenge.release.xcconfig */;
			buildSettings = {
				ASSETCATALOG_COMPILER_APPICON_NAME = AppIcon;
				ASSETCATALOG_COMPILER_GLOBAL_ACCENT_COLOR_NAME = AccentColor;
				CODE_SIGN_STYLE = Automatic;
				DEVELOPMENT_ASSET_PATHS = "\"500pxChallenge/Preview Content\"";
				ENABLE_PREVIEWS = YES;
				INFOPLIST_FILE = 500pxChallenge/Info.plist;
				IPHONEOS_DEPLOYMENT_TARGET = 14.0;
				LD_RUNPATH_SEARCH_PATHS = (
					"$(inherited)",
					"@executable_path/Frameworks",
				);
				PRODUCT_BUNDLE_IDENTIFIER = "kazoku.-00pxChallenge";
				PRODUCT_NAME = "$(TARGET_NAME)";
				SWIFT_VERSION = 5.0;
				TARGETED_DEVICE_FAMILY = "1,2";
			};
			name = Release;
		};
		55F1001F24C21B610008BE77 /* Debug */ = {
			isa = XCBuildConfiguration;
			baseConfigurationReference = EE06C2A3E9EB0F574BE6B35C /* Pods-500pxChallengeTests.debug.xcconfig */;
			buildSettings = {
				ALWAYS_EMBED_SWIFT_STANDARD_LIBRARIES = YES;
				BUNDLE_LOADER = "$(TEST_HOST)";
				CODE_SIGN_STYLE = Automatic;
				INFOPLIST_FILE = 500pxChallengeTests/Info.plist;
				IPHONEOS_DEPLOYMENT_TARGET = 14.0;
				LD_RUNPATH_SEARCH_PATHS = (
					"$(inherited)",
					"@executable_path/Frameworks",
					"@loader_path/Frameworks",
				);
				PRODUCT_BUNDLE_IDENTIFIER = "kazoku.-00pxChallengeTests";
				PRODUCT_NAME = "$(TARGET_NAME)";
				SWIFT_VERSION = 5.0;
				TARGETED_DEVICE_FAMILY = "1,2";
				TEST_HOST = "$(BUILT_PRODUCTS_DIR)/500pxChallenge.app/500pxChallenge";
			};
			name = Debug;
		};
		55F1002024C21B610008BE77 /* Release */ = {
			isa = XCBuildConfiguration;
			baseConfigurationReference = 36570856C31434D5A4730901 /* Pods-500pxChallengeTests.release.xcconfig */;
			buildSettings = {
				ALWAYS_EMBED_SWIFT_STANDARD_LIBRARIES = YES;
				BUNDLE_LOADER = "$(TEST_HOST)";
				CODE_SIGN_STYLE = Automatic;
				INFOPLIST_FILE = 500pxChallengeTests/Info.plist;
				IPHONEOS_DEPLOYMENT_TARGET = 14.0;
				LD_RUNPATH_SEARCH_PATHS = (
					"$(inherited)",
					"@executable_path/Frameworks",
					"@loader_path/Frameworks",
				);
				PRODUCT_BUNDLE_IDENTIFIER = "kazoku.-00pxChallengeTests";
				PRODUCT_NAME = "$(TARGET_NAME)";
				SWIFT_VERSION = 5.0;
				TARGETED_DEVICE_FAMILY = "1,2";
				TEST_HOST = "$(BUILT_PRODUCTS_DIR)/500pxChallenge.app/500pxChallenge";
			};
			name = Release;
		};
		55F1002224C21B610008BE77 /* Debug */ = {
			isa = XCBuildConfiguration;
			baseConfigurationReference = 59FB74EFDE65067D04BE085A /* Pods-500pxChallenge-500pxChallengeUITests.debug.xcconfig */;
			buildSettings = {
				ALWAYS_EMBED_SWIFT_STANDARD_LIBRARIES = YES;
				CODE_SIGN_STYLE = Automatic;
				INFOPLIST_FILE = 500pxChallengeUITests/Info.plist;
				LD_RUNPATH_SEARCH_PATHS = (
					"$(inherited)",
					"@executable_path/Frameworks",
					"@loader_path/Frameworks",
				);
				PRODUCT_BUNDLE_IDENTIFIER = "kazoku.-00pxChallengeUITests";
				PRODUCT_NAME = "$(TARGET_NAME)";
				SWIFT_VERSION = 5.0;
				TARGETED_DEVICE_FAMILY = "1,2";
				TEST_TARGET_NAME = 500pxChallenge;
			};
			name = Debug;
		};
		55F1002324C21B610008BE77 /* Release */ = {
			isa = XCBuildConfiguration;
			baseConfigurationReference = 39AEB3FEF9FE9A84BD90305B /* Pods-500pxChallenge-500pxChallengeUITests.release.xcconfig */;
			buildSettings = {
				ALWAYS_EMBED_SWIFT_STANDARD_LIBRARIES = YES;
				CODE_SIGN_STYLE = Automatic;
				INFOPLIST_FILE = 500pxChallengeUITests/Info.plist;
				LD_RUNPATH_SEARCH_PATHS = (
					"$(inherited)",
					"@executable_path/Frameworks",
					"@loader_path/Frameworks",
				);
				PRODUCT_BUNDLE_IDENTIFIER = "kazoku.-00pxChallengeUITests";
				PRODUCT_NAME = "$(TARGET_NAME)";
				SWIFT_VERSION = 5.0;
				TARGETED_DEVICE_FAMILY = "1,2";
				TEST_TARGET_NAME = 500pxChallenge;
			};
			name = Release;
		};
/* End XCBuildConfiguration section */

/* Begin XCConfigurationList section */
		55F1001B24C21B610008BE77 /* Build configuration list for PBXNativeTarget "500pxChallenge" */ = {
			isa = XCConfigurationList;
			buildConfigurations = (
				55F1001C24C21B610008BE77 /* Debug */,
				55F1001D24C21B610008BE77 /* Release */,
			);
			defaultConfigurationIsVisible = 0;
			defaultConfigurationName = Release;
		};
		55F1001E24C21B610008BE77 /* Build configuration list for PBXNativeTarget "500pxChallengeTests" */ = {
			isa = XCConfigurationList;
			buildConfigurations = (
				55F1001F24C21B610008BE77 /* Debug */,
				55F1002024C21B610008BE77 /* Release */,
			);
			defaultConfigurationIsVisible = 0;
			defaultConfigurationName = Release;
		};
		55F1002124C21B610008BE77 /* Build configuration list for PBXNativeTarget "500pxChallengeUITests" */ = {
			isa = XCConfigurationList;
			buildConfigurations = (
				55F1002224C21B610008BE77 /* Debug */,
				55F1002324C21B610008BE77 /* Release */,
			);
			defaultConfigurationIsVisible = 0;
			defaultConfigurationName = Release;
		};
		55F1FFF124C21B5F0008BE77 /* Build configuration list for PBXProject "500pxChallenge" */ = {
			isa = XCConfigurationList;
			buildConfigurations = (
				55F1001924C21B610008BE77 /* Debug */,
				55F1001A24C21B610008BE77 /* Release */,
			);
			defaultConfigurationIsVisible = 0;
			defaultConfigurationName = Release;
		};
/* End XCConfigurationList section */
	};
	rootObject = 55F1FFEE24C21B5F0008BE77 /* Project object */;
}
